<?xml version="1.0" encoding="utf-8"?>
<Project ToolsVersion="16.0" xmlns="http://schemas.microsoft.com/developer/msbuild/2003">
  <ItemGroup>
    <CustomBuild Include="C:\Users\jbakowsk\OneDrive - Intel Corporation\Desktop\physics_sim\CMakeFiles\2353919eb7b56be39f6b5fff493524b7\INSTALL_force.rule">
      <Filter>CMake Rules</Filter>
    </CustomBuild>
  </ItemGroup>
  <ItemGroup>
    <Filter Include="CMake Rules">
      <UniqueIdentifier>{DF93E874-33D1-3E38-888E-95084AC03828}</UniqueIdentifier>
    </Filter>
  </ItemGroup>
</Project>
